{
  "requires": true,
  "lockfileVersion": 1,
  "dependencies": {
    "@kolkov/angular-editor": {
      "version": "1.1.4",
      "resolved": "https://registry.npmjs.org/@kolkov/angular-editor/-/angular-editor-1.1.4.tgz",
      "integrity": "sha512-YnTWpzV9/JwVebUEM4Rzu2zqvNBp0akwhdW30t29tVR26aQAw2x+UIvGPDGyxIDfp3//T2IbivLzTFL2OWawXA==",
      "requires": {
        "tslib": "^1.9.0"
      }
    },
    "@ng-bootstrap/ng-bootstrap": {
      "version": "8.0.0",
      "resolved": "https://registry.npmjs.org/@ng-bootstrap/ng-bootstrap/-/ng-bootstrap-8.0.0.tgz",
      "integrity": "sha512-v77Gfd8xHH+exq0WqIqVRlxbUEHdA/2+RUJenUP2IDTQN9E1rWl7O461/kosr+0XPuxPArHQJxhh/WsCYckcNg==",
      "requires": {
        "tslib": "^2.0.0"
      },
      "dependencies": {
        "tslib": {
          "version": "2.0.3",
          "resolved": "https://registry.npmjs.org/tslib/-/tslib-2.0.3.tgz",
          "integrity": "sha512-uZtkfKblCEQtZKBF6EBXVZeQNl82yqtDQdv+eck8u7tdPxjLu2/lp5/uPW+um2tpuxINHWy3GhiccY7QgEaVHQ=="
        }
      }
    },
    "ng2-search-filter": {
      "version": "0.5.1",
      "resolved": "https://registry.npmjs.org/ng2-search-filter/-/ng2-search-filter-0.5.1.tgz",
      "integrity": "sha512-noN8R+Gyxo5ZuboEOvq+u0zKio6pEf1IVYQTCZfAfXm6ONmzWu/M2xK0di9oVUprDbPBQXCGUuvD5i2GD+35HA=="
    },
    "ngx-pagination": {
      "version": "5.0.0",
      "resolved": "https://registry.npmjs.org/ngx-pagination/-/ngx-pagination-5.0.0.tgz",
      "integrity": "sha512-Ur0pTWRe2ZXoJ8impEzo0IZKxY5aEcQfSmL5uBqW1rHI2J6nfzgZAHsSLagKHFGchXq0PkRlDVVMcIaNxYJwvQ=="
    },
    "tslib": {
      "version": "1.14.1",
      "resolved": "https://registry.npmjs.org/tslib/-/tslib-1.14.1.tgz",
      "integrity": "sha512-Xni35NKzjgMrwevysHTCArtLDpPvye8zV/0E4EyYn43P7/7qvQwPh9BGkHewbMulVntbigmcT7rdX3BNo9wRJg=="
    }
  }
}
